
Microsoft Visual Studio Solution File, Format Version 12.00
# Visual Studio Version 16
VisualStudioVersion = 16.0.34114.132
MinimumVisualStudioVersion = 10.0.40219.1
Project("{FAE04EC0-301F-11D3-BF4B-00C04F79EFBC}") = "UserService", "UserService\UserService.csproj", "{4535092A-4B52-47B7-A48F-9AAF7F0CCA0B}"
EndProject
Global
	GlobalSection(SolutionConfigurationPlatforms) = preSolution
		Debug|Any CPU = Debug|Any CPU
		Release|Any CPU = Release|Any CPU
	EndGlobalSection
	GlobalSection(ProjectConfigurationPlatforms) = postSolution
		{4535092A-4B52-47B7-A48F-9AAF7F0CCA0B}.Debug|Any CPU.ActiveCfg = Debug|Any CPU
		{4535092A-4B52-47B7-A48F-9AAF7F0CCA0B}.Debug|Any CPU.Build.0 = Debug|Any CPU
		{4535092A-4B52-47B7-A48F-9AAF7F0CCA0B}.Release|Any CPU.ActiveCfg = Release|Any CPU
		{4535092A-4B52-47B7-A48F-9AAF7F0CCA0B}.Release|Any CPU.Build.0 = Release|Any CPU
	EndGlobalSection
	GlobalSection(SolutionProperties) = preSolution
		HideSolutionNode = FALSE
	EndGlobalSection
	GlobalSection(ExtensibilityGlobals) = postSolution
		SolutionGuid = {4667BD0E-8A24-41E3-A95A-903308707196}
	EndGlobalSection
EndGlobal
